
Microsoft Visual Studio Solution File, Format Version 12.00
# Visual Studio Version 17
VisualStudioVersion = 17.2.32616.157
MinimumVisualStudioVersion = 10.0.40219.1
Project("{FAE04EC0-301F-11D3-BF4B-00C04F79EFBC}") = "simpleCalculator", "simpleCalculator.csproj", "{535971FC-357A-4A99-8766-58BB875CFCDD}"
EndProject
Global
	GlobalSection(SolutionConfigurationPlatforms) = preSolution
		Debug|Any CPU = Debug|Any CPU
		Release|Any CPU = Release|Any CPU
	EndGlobalSection
	GlobalSection(ProjectConfigurationPlatforms) = postSolution
		{535971FC-357A-4A99-8766-58BB875CFCDD}.Debug|Any CPU.ActiveCfg = Debug|Any CPU
		{535971FC-357A-4A99-8766-58BB875CFCDD}.Debug|Any CPU.Build.0 = Debug|Any CPU
		{535971FC-357A-4A99-8766-58BB875CFCDD}.Release|Any CPU.ActiveCfg = Release|Any CPU
		{535971FC-357A-4A99-8766-58BB875CFCDD}.Release|Any CPU.Build.0 = Release|Any CPU
	EndGlobalSection
	GlobalSection(SolutionProperties) = preSolution
		HideSolutionNode = FALSE
	EndGlobalSection
	GlobalSection(ExtensibilityGlobals) = postSolution
		SolutionGuid = {9B0F33D5-336F-4A10-A703-1F9E79402829}
	EndGlobalSection
EndGlobal
