
Microsoft Visual Studio Solution File, Format Version 12.00
# Visual Studio Version 17
VisualStudioVersion = 17.2.32616.157
MinimumVisualStudioVersion = 10.0.40219.1
Project("{FAE04EC0-301F-11D3-BF4B-00C04F79EFBC}") = "Functions", "Functions.csproj", "{EF0AAA53-B18C-45EA-8790-64939B34A51C}"
EndProject
Global
	GlobalSection(SolutionConfigurationPlatforms) = preSolution
		Debug|Any CPU = Debug|Any CPU
		Release|Any CPU = Release|Any CPU
	EndGlobalSection
	GlobalSection(ProjectConfigurationPlatforms) = postSolution
		{EF0AAA53-B18C-45EA-8790-64939B34A51C}.Debug|Any CPU.ActiveCfg = Debug|Any CPU
		{EF0AAA53-B18C-45EA-8790-64939B34A51C}.Debug|Any CPU.Build.0 = Debug|Any CPU
		{EF0AAA53-B18C-45EA-8790-64939B34A51C}.Release|Any CPU.ActiveCfg = Release|Any CPU
		{EF0AAA53-B18C-45EA-8790-64939B34A51C}.Release|Any CPU.Build.0 = Release|Any CPU
	EndGlobalSection
	GlobalSection(SolutionProperties) = preSolution
		HideSolutionNode = FALSE
	EndGlobalSection
	GlobalSection(ExtensibilityGlobals) = postSolution
		SolutionGuid = {97FB8534-7C0C-46BD-AB12-E2F91E65F01A}
	EndGlobalSection
EndGlobal
