
Microsoft Visual Studio Solution File, Format Version 12.00
# Visual Studio Version 17
VisualStudioVersion = 17.3.32901.215
MinimumVisualStudioVersion = 10.0.40219.1
Project("{FAE04EC0-301F-11D3-BF4B-00C04F79EFBC}") = "practiceProgram5", "practiceProgram5.csproj", "{31F0E167-1357-4561-8D22-A064D76A043B}"
EndProject
Global
	GlobalSection(SolutionConfigurationPlatforms) = preSolution
		Debug|Any CPU = Debug|Any CPU
		Release|Any CPU = Release|Any CPU
	EndGlobalSection
	GlobalSection(ProjectConfigurationPlatforms) = postSolution
		{31F0E167-1357-4561-8D22-A064D76A043B}.Debug|Any CPU.ActiveCfg = Debug|Any CPU
		{31F0E167-1357-4561-8D22-A064D76A043B}.Debug|Any CPU.Build.0 = Debug|Any CPU
		{31F0E167-1357-4561-8D22-A064D76A043B}.Release|Any CPU.ActiveCfg = Release|Any CPU
		{31F0E167-1357-4561-8D22-A064D76A043B}.Release|Any CPU.Build.0 = Release|Any CPU
	EndGlobalSection
	GlobalSection(SolutionProperties) = preSolution
		HideSolutionNode = FALSE
	EndGlobalSection
	GlobalSection(ExtensibilityGlobals) = postSolution
		SolutionGuid = {08A8C0FC-D9DC-4277-B4E6-E868BA49DDA0}
	EndGlobalSection
EndGlobal
