
Microsoft Visual Studio Solution File, Format Version 12.00
# Visual Studio Version 17
VisualStudioVersion = 17.3.32825.248
MinimumVisualStudioVersion = 10.0.40219.1
Project("{FAE04EC0-301F-11D3-BF4B-00C04F79EFBC}") = "thirdProgram", "thirdProgram.csproj", "{31D4C9AD-2FA7-4A5B-8B69-383D63DFD87D}"
EndProject
Global
	GlobalSection(SolutionConfigurationPlatforms) = preSolution
		Debug|Any CPU = Debug|Any CPU
		Release|Any CPU = Release|Any CPU
	EndGlobalSection
	GlobalSection(ProjectConfigurationPlatforms) = postSolution
		{31D4C9AD-2FA7-4A5B-8B69-383D63DFD87D}.Debug|Any CPU.ActiveCfg = Debug|Any CPU
		{31D4C9AD-2FA7-4A5B-8B69-383D63DFD87D}.Debug|Any CPU.Build.0 = Debug|Any CPU
		{31D4C9AD-2FA7-4A5B-8B69-383D63DFD87D}.Release|Any CPU.ActiveCfg = Release|Any CPU
		{31D4C9AD-2FA7-4A5B-8B69-383D63DFD87D}.Release|Any CPU.Build.0 = Release|Any CPU
	EndGlobalSection
	GlobalSection(SolutionProperties) = preSolution
		HideSolutionNode = FALSE
	EndGlobalSection
	GlobalSection(ExtensibilityGlobals) = postSolution
		SolutionGuid = {A7C65A23-846F-4232-AC3C-F830D285D016}
	EndGlobalSection
EndGlobal
