
Microsoft Visual Studio Solution File, Format Version 12.00
# Visual Studio Version 17
VisualStudioVersion = 17.3.32922.545
MinimumVisualStudioVersion = 10.0.40219.1
Project("{FAE04EC0-301F-11D3-BF4B-00C04F79EFBC}") = "fundamentalsTest1", "fundamentalsTest1.csproj", "{9AA33084-B6E2-4386-9775-020EE797F454}"
EndProject
Global
	GlobalSection(SolutionConfigurationPlatforms) = preSolution
		Debug|Any CPU = Debug|Any CPU
		Release|Any CPU = Release|Any CPU
	EndGlobalSection
	GlobalSection(ProjectConfigurationPlatforms) = postSolution
		{9AA33084-B6E2-4386-9775-020EE797F454}.Debug|Any CPU.ActiveCfg = Debug|Any CPU
		{9AA33084-B6E2-4386-9775-020EE797F454}.Debug|Any CPU.Build.0 = Debug|Any CPU
		{9AA33084-B6E2-4386-9775-020EE797F454}.Release|Any CPU.ActiveCfg = Release|Any CPU
		{9AA33084-B6E2-4386-9775-020EE797F454}.Release|Any CPU.Build.0 = Release|Any CPU
	EndGlobalSection
	GlobalSection(SolutionProperties) = preSolution
		HideSolutionNode = FALSE
	EndGlobalSection
	GlobalSection(ExtensibilityGlobals) = postSolution
		SolutionGuid = {989D4CED-3579-4367-9E48-AD5101B879DA}
	EndGlobalSection
EndGlobal
