
Microsoft Visual Studio Solution File, Format Version 12.00
# Visual Studio Version 17
VisualStudioVersion = 17.2.32616.157
MinimumVisualStudioVersion = 10.0.40219.1
Project("{FAE04EC0-301F-11D3-BF4B-00C04F79EFBC}") = "Variables", "Variables.csproj", "{1AEAE449-FECD-4391-A94A-79EBADD329CA}"
EndProject
Global
	GlobalSection(SolutionConfigurationPlatforms) = preSolution
		Debug|Any CPU = Debug|Any CPU
		Release|Any CPU = Release|Any CPU
	EndGlobalSection
	GlobalSection(ProjectConfigurationPlatforms) = postSolution
		{1AEAE449-FECD-4391-A94A-79EBADD329CA}.Debug|Any CPU.ActiveCfg = Debug|Any CPU
		{1AEAE449-FECD-4391-A94A-79EBADD329CA}.Debug|Any CPU.Build.0 = Debug|Any CPU
		{1AEAE449-FECD-4391-A94A-79EBADD329CA}.Release|Any CPU.ActiveCfg = Release|Any CPU
		{1AEAE449-FECD-4391-A94A-79EBADD329CA}.Release|Any CPU.Build.0 = Release|Any CPU
	EndGlobalSection
	GlobalSection(SolutionProperties) = preSolution
		HideSolutionNode = FALSE
	EndGlobalSection
	GlobalSection(ExtensibilityGlobals) = postSolution
		SolutionGuid = {D19853AF-C025-4387-8584-4B268A890664}
	EndGlobalSection
EndGlobal
