
Microsoft Visual Studio Solution File, Format Version 12.00
# Visual Studio Version 17
VisualStudioVersion = 17.3.32901.215
MinimumVisualStudioVersion = 10.0.40219.1
Project("{FAE04EC0-301F-11D3-BF4B-00C04F79EFBC}") = "practiceProgram1", "practiceProgram1.csproj", "{BB8485DD-CCA2-4B59-92FD-3F76B4197896}"
EndProject
Global
	GlobalSection(SolutionConfigurationPlatforms) = preSolution
		Debug|Any CPU = Debug|Any CPU
		Release|Any CPU = Release|Any CPU
	EndGlobalSection
	GlobalSection(ProjectConfigurationPlatforms) = postSolution
		{BB8485DD-CCA2-4B59-92FD-3F76B4197896}.Debug|Any CPU.ActiveCfg = Debug|Any CPU
		{BB8485DD-CCA2-4B59-92FD-3F76B4197896}.Debug|Any CPU.Build.0 = Debug|Any CPU
		{BB8485DD-CCA2-4B59-92FD-3F76B4197896}.Release|Any CPU.ActiveCfg = Release|Any CPU
		{BB8485DD-CCA2-4B59-92FD-3F76B4197896}.Release|Any CPU.Build.0 = Release|Any CPU
	EndGlobalSection
	GlobalSection(SolutionProperties) = preSolution
		HideSolutionNode = FALSE
	EndGlobalSection
	GlobalSection(ExtensibilityGlobals) = postSolution
		SolutionGuid = {9FC4D493-8491-4147-BE4B-F9A37AB4364E}
	EndGlobalSection
EndGlobal
