
Microsoft Visual Studio Solution File, Format Version 12.00
# Visual Studio Version 17
VisualStudioVersion = 17.3.32901.215
MinimumVisualStudioVersion = 10.0.40219.1
Project("{FAE04EC0-301F-11D3-BF4B-00C04F79EFBC}") = "practiceProgram8", "practiceProgram8.csproj", "{22AE2D45-5D8A-45E9-A274-CC777A477ADC}"
EndProject
Global
	GlobalSection(SolutionConfigurationPlatforms) = preSolution
		Debug|Any CPU = Debug|Any CPU
		Release|Any CPU = Release|Any CPU
	EndGlobalSection
	GlobalSection(ProjectConfigurationPlatforms) = postSolution
		{22AE2D45-5D8A-45E9-A274-CC777A477ADC}.Debug|Any CPU.ActiveCfg = Debug|Any CPU
		{22AE2D45-5D8A-45E9-A274-CC777A477ADC}.Debug|Any CPU.Build.0 = Debug|Any CPU
		{22AE2D45-5D8A-45E9-A274-CC777A477ADC}.Release|Any CPU.ActiveCfg = Release|Any CPU
		{22AE2D45-5D8A-45E9-A274-CC777A477ADC}.Release|Any CPU.Build.0 = Release|Any CPU
	EndGlobalSection
	GlobalSection(SolutionProperties) = preSolution
		HideSolutionNode = FALSE
	EndGlobalSection
	GlobalSection(ExtensibilityGlobals) = postSolution
		SolutionGuid = {F754901B-10B1-45A9-B357-B51D50455FC0}
	EndGlobalSection
EndGlobal
