
Microsoft Visual Studio Solution File, Format Version 12.00
# Visual Studio Version 17
VisualStudioVersion = 17.3.32901.215
MinimumVisualStudioVersion = 10.0.40219.1
Project("{FAE04EC0-301F-11D3-BF4B-00C04F79EFBC}") = "practiceProgram9", "practiceProgram9.csproj", "{A0BF186A-8A99-4448-9F5A-F977C47CA8BD}"
EndProject
Global
	GlobalSection(SolutionConfigurationPlatforms) = preSolution
		Debug|Any CPU = Debug|Any CPU
		Release|Any CPU = Release|Any CPU
	EndGlobalSection
	GlobalSection(ProjectConfigurationPlatforms) = postSolution
		{A0BF186A-8A99-4448-9F5A-F977C47CA8BD}.Debug|Any CPU.ActiveCfg = Debug|Any CPU
		{A0BF186A-8A99-4448-9F5A-F977C47CA8BD}.Debug|Any CPU.Build.0 = Debug|Any CPU
		{A0BF186A-8A99-4448-9F5A-F977C47CA8BD}.Release|Any CPU.ActiveCfg = Release|Any CPU
		{A0BF186A-8A99-4448-9F5A-F977C47CA8BD}.Release|Any CPU.Build.0 = Release|Any CPU
	EndGlobalSection
	GlobalSection(SolutionProperties) = preSolution
		HideSolutionNode = FALSE
	EndGlobalSection
	GlobalSection(ExtensibilityGlobals) = postSolution
		SolutionGuid = {018A23D9-DC91-4D24-A0C4-61ECAC71D760}
	EndGlobalSection
EndGlobal
