
Microsoft Visual Studio Solution File, Format Version 12.00
# Visual Studio Version 17
VisualStudioVersion = 17.3.32929.385
MinimumVisualStudioVersion = 10.0.40219.1
Project("{FAE04EC0-301F-11D3-BF4B-00C04F79EFBC}") = "fundamentalsWorkingWithLINQ", "fundamentalsWorkingWithLINQ.csproj", "{EBC6C737-1054-4985-B6F4-B637E3398496}"
EndProject
Global
	GlobalSection(SolutionConfigurationPlatforms) = preSolution
		Debug|Any CPU = Debug|Any CPU
		Release|Any CPU = Release|Any CPU
	EndGlobalSection
	GlobalSection(ProjectConfigurationPlatforms) = postSolution
		{EBC6C737-1054-4985-B6F4-B637E3398496}.Debug|Any CPU.ActiveCfg = Debug|Any CPU
		{EBC6C737-1054-4985-B6F4-B637E3398496}.Debug|Any CPU.Build.0 = Debug|Any CPU
		{EBC6C737-1054-4985-B6F4-B637E3398496}.Release|Any CPU.ActiveCfg = Release|Any CPU
		{EBC6C737-1054-4985-B6F4-B637E3398496}.Release|Any CPU.Build.0 = Release|Any CPU
	EndGlobalSection
	GlobalSection(SolutionProperties) = preSolution
		HideSolutionNode = FALSE
	EndGlobalSection
	GlobalSection(ExtensibilityGlobals) = postSolution
		SolutionGuid = {160286E0-7C14-472C-B782-5D9C1E8E8AB1}
	EndGlobalSection
EndGlobal
